
Microsoft Visual Studio Solution File, Format Version 12.00
# Visual Studio Version 17
VisualStudioVersion = 17.11.35327.3
MinimumVisualStudioVersion = 10.0.40219.1
Project("{FAE04EC0-301F-11D3-BF4B-00C04F79EFBC}") = "ISNP097024_ISNP153224_Unidad3", "ISNP097024_ISNP153224_Unidad3\ISNP097024_ISNP153224_Unidad3.csproj", "{6196A166-6D2A-41EB-9254-C357F52B83D9}"
EndProject
Global
	GlobalSection(SolutionConfigurationPlatforms) = preSolution
		Debug|Any CPU = Debug|Any CPU
		Release|Any CPU = Release|Any CPU
	EndGlobalSection
	GlobalSection(ProjectConfigurationPlatforms) = postSolution
		{6196A166-6D2A-41EB-9254-C357F52B83D9}.Debug|Any CPU.ActiveCfg = Debug|Any CPU
		{6196A166-6D2A-41EB-9254-C357F52B83D9}.Debug|Any CPU.Build.0 = Debug|Any CPU
		{6196A166-6D2A-41EB-9254-C357F52B83D9}.Release|Any CPU.ActiveCfg = Release|Any CPU
		{6196A166-6D2A-41EB-9254-C357F52B83D9}.Release|Any CPU.Build.0 = Release|Any CPU
	EndGlobalSection
	GlobalSection(SolutionProperties) = preSolution
		HideSolutionNode = FALSE
	EndGlobalSection
	GlobalSection(ExtensibilityGlobals) = postSolution
		SolutionGuid = {D3CB011F-CF4A-4D6F-A2DD-0F4E5DC2EEE8}
	EndGlobalSection
EndGlobal
